
Microsoft Visual Studio Solution File, Format Version 12.00
# Visual Studio Version 16
VisualStudioVersion = 16.0.30523.141
MinimumVisualStudioVersion = 10.0.40219.1
Project("{8BC9CEB8-8B4A-11D0-8D11-00A0C91BC942}") = "pro 1", "pro 1.vcxproj", "{AB00AB4F-E143-4DCF-ABFE-38FE8F037CCA}"
EndProject
Global
	GlobalSection(SolutionConfigurationPlatforms) = preSolution
		Debug|x64 = Debug|x64
		Debug|x86 = Debug|x86
		Release|x64 = Release|x64
		Release|x86 = Release|x86
	EndGlobalSection
	GlobalSection(ProjectConfigurationPlatforms) = postSolution
		{AB00AB4F-E143-4DCF-ABFE-38FE8F037CCA}.Debug|x64.ActiveCfg = Debug|x64
		{AB00AB4F-E143-4DCF-ABFE-38FE8F037CCA}.Debug|x64.Build.0 = Debug|x64
		{AB00AB4F-E143-4DCF-ABFE-38FE8F037CCA}.Debug|x86.ActiveCfg = Debug|Win32
		{AB00AB4F-E143-4DCF-ABFE-38FE8F037CCA}.Debug|x86.Build.0 = Debug|Win32
		{AB00AB4F-E143-4DCF-ABFE-38FE8F037CCA}.Release|x64.ActiveCfg = Release|x64
		{AB00AB4F-E143-4DCF-ABFE-38FE8F037CCA}.Release|x64.Build.0 = Release|x64
		{AB00AB4F-E143-4DCF-ABFE-38FE8F037CCA}.Release|x86.ActiveCfg = Release|Win32
		{AB00AB4F-E143-4DCF-ABFE-38FE8F037CCA}.Release|x86.Build.0 = Release|Win32
	EndGlobalSection
	GlobalSection(SolutionProperties) = preSolution
		HideSolutionNode = FALSE
	EndGlobalSection
	GlobalSection(ExtensibilityGlobals) = postSolution
		SolutionGuid = {D54F7335-8AA4-45BB-B235-3E478732FCF4}
	EndGlobalSection
EndGlobal
